{
  "version": "4",
  "specifiers": {
    "jsr:@std/assert@^1.0.4": "1.0.4",
    "jsr:@std/async@^1.0.5": "1.0.5",
    "jsr:@std/collections@^1.0.5": "1.0.5",
    "jsr:@std/internal@^1.0.3": "1.0.3",
    "jsr:@vwkd/feed@^0.0.4": "0.0.4",
    "npm:loglevel@^1.9.2": "1.9.2"
  },
  "jsr": {
    "@std/assert@1.0.4": {
      "integrity": "d4c767ea578e5bc09c15b6e503376003e5b2d1f4c0cdf08524a92101ff4d7b96",
      "dependencies": [
        "jsr:@std/internal"
      ]
    },
    "@std/async@1.0.5": {
      "integrity": "31d68214bfbb31bd4c6022401d484e3964147c76c9220098baa703a39b6c2da6"
    },
    "@std/collections@1.0.5": {
      "integrity": "ab9eac23b57a0c0b89ba45134e61561f69f3d001f37235a248ed40be260c0c10"
    },
    "@std/internal@1.0.3": {
      "integrity": "208e9b94a3d5649bd880e9ca38b885ab7651ab5b5303a56ed25de4755fb7b11e"
    },
    "@vwkd/feed@0.0.4": {
      "integrity": "feec345f306a1eb9f7608c9f142735899eba3562486b5b975537a6554e0b7e3c"
    }
  },
  "npm": {
    "loglevel@1.9.2": {
      "integrity": "sha512-HgMmCqIJSAKqo68l0rS2AanEWfkxaZ5wNiEFb5ggm08lDs9Xl2KxBlX3PTcaD2chBM1gXAYf491/M2Rv8Jwayg=="
    }
  },
  "workspace": {
    "dependencies": [
      "jsr:@std/assert@^1.0.4",
      "jsr:@std/async@^1.0.5",
      "jsr:@std/collections@^1.0.5",
      "jsr:@vwkd/feed@^0.0.4",
      "npm:loglevel@^1.9.2"
    ]
  }
}
